// !$*UTF8*$!
{
	archiveVersion = 1;
	classes = {
	};
	objectVersion = 46;
	objects = {

/* Begin PBXBuildFile section */
		773417901985EF6000B9C1F4 /* Grid.m in Sources */ = {isa = PBXBuildFile; fileRef = 7734178F1985EF6000B9C1F4 /* Grid.m */; };
		77349CF41980CA6200B9C1F4 /* Foundation.framework in Frameworks */ = {isa = PBXBuildFile; fileRef = 77349CF31980CA6200B9C1F4 /* Foundation.framework */; };
		77349CF61980CA6200B9C1F4 /* CoreGraphics.framework in Frameworks */ = {isa = PBXBuildFile; fileRef = 77349CF51980CA6200B9C1F4 /* CoreGraphics.framework */; };
		77349CF81980CA6200B9C1F4 /* UIKit.framework in Frameworks */ = {isa = PBXBuildFile; fileRef = 77349CF71980CA6200B9C1F4 /* UIKit.framework */; };
		77349CFE1980CA6200B9C1F4 /* InfoPlist.strings in Resources */ = {isa = PBXBuildFile; fileRef = 77349CFC1980CA6200B9C1F4 /* InfoPlist.strings */; };
		77349D001980CA6200B9C1F4 /* main.m in Sources */ = {isa = PBXBuildFile; fileRef = 77349CFF1980CA6200B9C1F4 /* main.m */; };
		77349D041980CA6200B9C1F4 /* cardGameAppDelegate.m in Sources */ = {isa = PBXBuildFile; fileRef = 77349D031980CA6200B9C1F4 /* cardGameAppDelegate.m */; };
		77349D071980CA6200B9C1F4 /* Main.storyboard in Resources */ = {isa = PBXBuildFile; fileRef = 77349D051980CA6200B9C1F4 /* Main.storyboard */; };
		77349D0C1980CA6200B9C1F4 /* Images.xcassets in Resources */ = {isa = PBXBuildFile; fileRef = 77349D0B1980CA6200B9C1F4 /* Images.xcassets */; };
		77349D131980CA6200B9C1F4 /* XCTest.framework in Frameworks */ = {isa = PBXBuildFile; fileRef = 77349D121980CA6200B9C1F4 /* XCTest.framework */; };
		77349D141980CA6200B9C1F4 /* Foundation.framework in Frameworks */ = {isa = PBXBuildFile; fileRef = 77349CF31980CA6200B9C1F4 /* Foundation.framework */; };
		77349D151980CA6200B9C1F4 /* UIKit.framework in Frameworks */ = {isa = PBXBuildFile; fileRef = 77349CF71980CA6200B9C1F4 /* UIKit.framework */; };
		77349D1D1980CA6200B9C1F4 /* InfoPlist.strings in Resources */ = {isa = PBXBuildFile; fileRef = 77349D1B1980CA6200B9C1F4 /* InfoPlist.strings */; };
		77349D1F1980CA6200B9C1F4 /* Matchismo_stage2Tests.m in Sources */ = {isa = PBXBuildFile; fileRef = 77349D1E1980CA6200B9C1F4 /* Matchismo_stage2Tests.m */; };
		77349D2D1980CB1D00B9C1F4 /* PlayingCardGameVC.m in Sources */ = {isa = PBXBuildFile; fileRef = 77349D2C1980CB1D00B9C1F4 /* PlayingCardGameVC.m */; };
		77349D301980CBBF00B9C1F4 /* SetGameVC.m in Sources */ = {isa = PBXBuildFile; fileRef = 77349D2F1980CBBF00B9C1F4 /* SetGameVC.m */; };
		77349D331980CCB500B9C1F4 /* CardMatchingGame.m in Sources */ = {isa = PBXBuildFile; fileRef = 77349D321980CCB500B9C1F4 /* CardMatchingGame.m */; };
		77349D391980CE1900B9C1F4 /* Card.m in Sources */ = {isa = PBXBuildFile; fileRef = 77349D381980CE1900B9C1F4 /* Card.m */; };
		77349D3C1980CE2400B9C1F4 /* Deck.m in Sources */ = {isa = PBXBuildFile; fileRef = 77349D3B1980CE2400B9C1F4 /* Deck.m */; };
		77349D3F1980CE4200B9C1F4 /* PlayingCard.m in Sources */ = {isa = PBXBuildFile; fileRef = 77349D3E1980CE4200B9C1F4 /* PlayingCard.m */; };
		77349D451980CE6400B9C1F4 /* SetCard.m in Sources */ = {isa = PBXBuildFile; fileRef = 77349D441980CE6400B9C1F4 /* SetCard.m */; };
		77349D481980CE7400B9C1F4 /* SetDeck.m in Sources */ = {isa = PBXBuildFile; fileRef = 77349D471980CE7400B9C1F4 /* SetDeck.m */; };
		77349D4B1980D2E500B9C1F4 /* PlayingCardDeck.m in Sources */ = {isa = PBXBuildFile; fileRef = 77349D4A1980D2E500B9C1F4 /* PlayingCardDeck.m */; };
		77349D4E1980D32000B9C1F4 /* CardGameViewController.m in Sources */ = {isa = PBXBuildFile; fileRef = 77349D4D1980D32000B9C1F4 /* CardGameViewController.m */; };
		77349D531980D51C00B9C1F4 /* PlayingCardView.m in Sources */ = {isa = PBXBuildFile; fileRef = 77349D521980D51C00B9C1F4 /* PlayingCardView.m */; };
		77349D561983140100B9C1F4 /* CardView.m in Sources */ = {isa = PBXBuildFile; fileRef = 77349D551983140100B9C1F4 /* CardView.m */; };
/* End PBXBuildFile section */

/* Begin PBXContainerItemProxy section */
		77349D161980CA6200B9C1F4 /* PBXContainerItemProxy */ = {
			isa = PBXContainerItemProxy;
			containerPortal = 77349CE81980CA6200B9C1F4 /* Project object */;
			proxyType = 1;
			remoteGlobalIDString = 77349CEF1980CA6200B9C1F4;
			remoteInfo = Matchismo_stage2;
		};
/* End PBXContainerItemProxy section */

/* Begin PBXFileReference section */
		7734178E1985EF6000B9C1F4 /* Grid.h */ = {isa = PBXFileReference; fileEncoding = 4; lastKnownFileType = sourcecode.c.h; path = Grid.h; sourceTree = "<group>"; };
		7734178F1985EF6000B9C1F4 /* Grid.m */ = {isa = PBXFileReference; fileEncoding = 4; lastKnownFileType = sourcecode.c.objc; path = Grid.m; sourceTree = "<group>"; };
		77349CF01980CA6200B9C1F4 /* Matchismo_stage2.app */ = {isa = PBXFileReference; explicitFileType = wrapper.application; includeInIndex = 0; path = Matchismo_stage2.app; sourceTree = BUILT_PRODUCTS_DIR; };
		77349CF31980CA6200B9C1F4 /* Foundation.framework */ = {isa = PBXFileReference; lastKnownFileType = wrapper.framework; name = Foundation.framework; path = System/Library/Frameworks/Foundation.framework; sourceTree = SDKROOT; };
		77349CF51980CA6200B9C1F4 /* CoreGraphics.framework */ = {isa = PBXFileReference; lastKnownFileType = wrapper.framework; name = CoreGraphics.framework; path = System/Library/Frameworks/CoreGraphics.framework; sourceTree = SDKROOT; };
		77349CF71980CA6200B9C1F4 /* UIKit.framework */ = {isa = PBXFileReference; lastKnownFileType = wrapper.framework; name = UIKit.framework; path = System/Library/Frameworks/UIKit.framework; sourceTree = SDKROOT; };
		77349CFB1980CA6200B9C1F4 /* Matchismo_stage2-Info.plist */ = {isa = PBXFileReference; lastKnownFileType = text.plist.xml; path = "Matchismo_stage2-Info.plist"; sourceTree = "<group>"; };
		77349CFD1980CA6200B9C1F4 /* en */ = {isa = PBXFileReference; lastKnownFileType = text.plist.strings; name = en; path = en.lproj/InfoPlist.strings; sourceTree = "<group>"; };
		77349CFF1980CA6200B9C1F4 /* main.m */ = {isa = PBXFileReference; lastKnownFileType = sourcecode.c.objc; path = main.m; sourceTree = "<group>"; };
		77349D011980CA6200B9C1F4 /* Matchismo_stage2-Prefix.pch */ = {isa = PBXFileReference; lastKnownFileType = sourcecode.c.h; path = "Matchismo_stage2-Prefix.pch"; sourceTree = "<group>"; };
		77349D021980CA6200B9C1F4 /* cardGameAppDelegate.h */ = {isa = PBXFileReference; lastKnownFileType = sourcecode.c.h; path = cardGameAppDelegate.h; sourceTree = "<group>"; };
		77349D031980CA6200B9C1F4 /* cardGameAppDelegate.m */ = {isa = PBXFileReference; lastKnownFileType = sourcecode.c.objc; path = cardGameAppDelegate.m; sourceTree = "<group>"; };
		77349D061980CA6200B9C1F4 /* Base */ = {isa = PBXFileReference; lastKnownFileType = file.storyboard; name = Base; path = Base.lproj/Main.storyboard; sourceTree = "<group>"; };
		77349D0B1980CA6200B9C1F4 /* Images.xcassets */ = {isa = PBXFileReference; lastKnownFileType = folder.assetcatalog; path = Images.xcassets; sourceTree = "<group>"; };
		77349D111980CA6200B9C1F4 /* Matchismo_stage2Tests.xctest */ = {isa = PBXFileReference; explicitFileType = wrapper.cfbundle; includeInIndex = 0; path = Matchismo_stage2Tests.xctest; sourceTree = BUILT_PRODUCTS_DIR; };
		77349D121980CA6200B9C1F4 /* XCTest.framework */ = {isa = PBXFileReference; lastKnownFileType = wrapper.framework; name = XCTest.framework; path = Library/Frameworks/XCTest.framework; sourceTree = DEVELOPER_DIR; };
		77349D1A1980CA6200B9C1F4 /* Matchismo_stage2Tests-Info.plist */ = {isa = PBXFileReference; lastKnownFileType = text.plist.xml; path = "Matchismo_stage2Tests-Info.plist"; sourceTree = "<group>"; };
		77349D1C1980CA6200B9C1F4 /* en */ = {isa = PBXFileReference; lastKnownFileType = text.plist.strings; name = en; path = en.lproj/InfoPlist.strings; sourceTree = "<group>"; };
		77349D1E1980CA6200B9C1F4 /* Matchismo_stage2Tests.m */ = {isa = PBXFileReference; lastKnownFileType = sourcecode.c.objc; path = Matchismo_stage2Tests.m; sourceTree = "<group>"; };
		77349D2B1980CB1D00B9C1F4 /* PlayingCardGameVC.h */ = {isa = PBXFileReference; fileEncoding = 4; lastKnownFileType = sourcecode.c.h; path = PlayingCardGameVC.h; sourceTree = "<group>"; };
		77349D2C1980CB1D00B9C1F4 /* PlayingCardGameVC.m */ = {isa = PBXFileReference; fileEncoding = 4; lastKnownFileType = sourcecode.c.objc; path = PlayingCardGameVC.m; sourceTree = "<group>"; };
		77349D2E1980CBBF00B9C1F4 /* SetGameVC.h */ = {isa = PBXFileReference; fileEncoding = 4; lastKnownFileType = sourcecode.c.h; path = SetGameVC.h; sourceTree = "<group>"; };
		77349D2F1980CBBF00B9C1F4 /* SetGameVC.m */ = {isa = PBXFileReference; fileEncoding = 4; lastKnownFileType = sourcecode.c.objc; path = SetGameVC.m; sourceTree = "<group>"; };
		77349D311980CCB500B9C1F4 /* CardMatchingGame.h */ = {isa = PBXFileReference; fileEncoding = 4; lastKnownFileType = sourcecode.c.h; path = CardMatchingGame.h; sourceTree = "<group>"; };
		77349D321980CCB500B9C1F4 /* CardMatchingGame.m */ = {isa = PBXFileReference; fileEncoding = 4; lastKnownFileType = sourcecode.c.objc; path = CardMatchingGame.m; sourceTree = "<group>"; };
		77349D371980CE1900B9C1F4 /* Card.h */ = {isa = PBXFileReference; fileEncoding = 4; lastKnownFileType = sourcecode.c.h; path = Card.h; sourceTree = "<group>"; };
		77349D381980CE1900B9C1F4 /* Card.m */ = {isa = PBXFileReference; fileEncoding = 4; lastKnownFileType = sourcecode.c.objc; path = Card.m; sourceTree = "<group>"; };
		77349D3A1980CE2400B9C1F4 /* Deck.h */ = {isa = PBXFileReference; fileEncoding = 4; lastKnownFileType = sourcecode.c.h; path = Deck.h; sourceTree = "<group>"; };
		77349D3B1980CE2400B9C1F4 /* Deck.m */ = {isa = PBXFileReference; fileEncoding = 4; lastKnownFileType = sourcecode.c.objc; path = Deck.m; sourceTree = "<group>"; };
		77349D3D1980CE4200B9C1F4 /* PlayingCard.h */ = {isa = PBXFileReference; fileEncoding = 4; lastKnownFileType = sourcecode.c.h; path = PlayingCard.h; sourceTree = "<group>"; };
		77349D3E1980CE4200B9C1F4 /* PlayingCard.m */ = {isa = PBXFileReference; fileEncoding = 4; lastKnownFileType = sourcecode.c.objc; path = PlayingCard.m; sourceTree = "<group>"; };
		77349D431980CE6400B9C1F4 /* SetCard.h */ = {isa = PBXFileReference; fileEncoding = 4; lastKnownFileType = sourcecode.c.h; path = SetCard.h; sourceTree = "<group>"; };
		77349D441980CE6400B9C1F4 /* SetCard.m */ = {isa = PBXFileReference; fileEncoding = 4; lastKnownFileType = sourcecode.c.objc; path = SetCard.m; sourceTree = "<group>"; };
		77349D461980CE7400B9C1F4 /* SetDeck.h */ = {isa = PBXFileReference; fileEncoding = 4; lastKnownFileType = sourcecode.c.h; path = SetDeck.h; sourceTree = "<group>"; };
		77349D471980CE7400B9C1F4 /* SetDeck.m */ = {isa = PBXFileReference; fileEncoding = 4; lastKnownFileType = sourcecode.c.objc; path = SetDeck.m; sourceTree = "<group>"; };
		77349D491980D2E500B9C1F4 /* PlayingCardDeck.h */ = {isa = PBXFileReference; fileEncoding = 4; lastKnownFileType = sourcecode.c.h; path = PlayingCardDeck.h; sourceTree = "<group>"; };
		77349D4A1980D2E500B9C1F4 /* PlayingCardDeck.m */ = {isa = PBXFileReference; fileEncoding = 4; lastKnownFileType = sourcecode.c.objc; path = PlayingCardDeck.m; sourceTree = "<group>"; };
		77349D4C1980D32000B9C1F4 /* CardGameViewController.h */ = {isa = PBXFileReference; fileEncoding = 4; lastKnownFileType = sourcecode.c.h; path = CardGameViewController.h; sourceTree = "<group>"; };
		77349D4D1980D32000B9C1F4 /* CardGameViewController.m */ = {isa = PBXFileReference; fileEncoding = 4; lastKnownFileType = sourcecode.c.objc; path = CardGameViewController.m; sourceTree = "<group>"; };
		77349D511980D51C00B9C1F4 /* PlayingCardView.h */ = {isa = PBXFileReference; fileEncoding = 4; lastKnownFileType = sourcecode.c.h; path = PlayingCardView.h; sourceTree = "<group>"; };
		77349D521980D51C00B9C1F4 /* PlayingCardView.m */ = {isa = PBXFileReference; fileEncoding = 4; lastKnownFileType = sourcecode.c.objc; path = PlayingCardView.m; sourceTree = "<group>"; };
		77349D541983140100B9C1F4 /* CardView.h */ = {isa = PBXFileReference; fileEncoding = 4; lastKnownFileType = sourcecode.c.h; path = CardView.h; sourceTree = "<group>"; };
		77349D551983140100B9C1F4 /* CardView.m */ = {isa = PBXFileReference; fileEncoding = 4; lastKnownFileType = sourcecode.c.objc; path = CardView.m; sourceTree = "<group>"; };
/* End PBXFileReference section */

/* Begin PBXFrameworksBuildPhase section */
		77349CED1980CA6200B9C1F4 /* Frameworks */ = {
			isa = PBXFrameworksBuildPhase;
			buildActionMask = 2147483647;
			files = (
				77349CF61980CA6200B9C1F4 /* CoreGraphics.framework in Frameworks */,
				77349CF81980CA6200B9C1F4 /* UIKit.framework in Frameworks */,
				77349CF41980CA6200B9C1F4 /* Foundation.framework in Frameworks */,
			);
			runOnlyForDeploymentPostprocessing = 0;
		};
		77349D0E1980CA6200B9C1F4 /* Frameworks */ = {
			isa = PBXFrameworksBuildPhase;
			buildActionMask = 2147483647;
			files = (
				77349D131980CA6200B9C1F4 /* XCTest.framework in Frameworks */,
				77349D151980CA6200B9C1F4 /* UIKit.framework in Frameworks */,
				77349D141980CA6200B9C1F4 /* Foundation.framework in Frameworks */,
			);
			runOnlyForDeploymentPostprocessing = 0;
		};
/* End PBXFrameworksBuildPhase section */

/* Begin PBXGroup section */
		7734178D1985EF6000B9C1F4 /* Grid */ = {
			isa = PBXGroup;
			children = (
				7734178E1985EF6000B9C1F4 /* Grid.h */,
				7734178F1985EF6000B9C1F4 /* Grid.m */,
			);
			path = Grid;
			sourceTree = "<group>";
		};
		77349CE71980CA6200B9C1F4 = {
			isa = PBXGroup;
			children = (
				77349CF91980CA6200B9C1F4 /* Matchismo_stage2 */,
				77349D181980CA6200B9C1F4 /* Matchismo_stage2Tests */,
				77349CF21980CA6200B9C1F4 /* Frameworks */,
				77349CF11980CA6200B9C1F4 /* Products */,
			);
			sourceTree = "<group>";
		};
		77349CF11980CA6200B9C1F4 /* Products */ = {
			isa = PBXGroup;
			children = (
				77349CF01980CA6200B9C1F4 /* Matchismo_stage2.app */,
				77349D111980CA6200B9C1F4 /* Matchismo_stage2Tests.xctest */,
			);
			name = Products;
			sourceTree = "<group>";
		};
		77349CF21980CA6200B9C1F4 /* Frameworks */ = {
			isa = PBXGroup;
			children = (
				77349CF31980CA6200B9C1F4 /* Foundation.framework */,
				77349CF51980CA6200B9C1F4 /* CoreGraphics.framework */,
				77349CF71980CA6200B9C1F4 /* UIKit.framework */,
				77349D121980CA6200B9C1F4 /* XCTest.framework */,
			);
			name = Frameworks;
			sourceTree = "<group>";
		};
		77349CF91980CA6200B9C1F4 /* Matchismo_stage2 */ = {
			isa = PBXGroup;
			children = (
				77349D2A1980CAD600B9C1F4 /* ViewController */,
				77349D291980CAD100B9C1F4 /* Model */,
				77349D281980CACA00B9C1F4 /* View */,
				77349D051980CA6200B9C1F4 /* Main.storyboard */,
				77349D0B1980CA6200B9C1F4 /* Images.xcassets */,
				77349CFA1980CA6200B9C1F4 /* Supporting Files */,
			);
			path = Matchismo_stage2;
			sourceTree = "<group>";
		};
		77349CFA1980CA6200B9C1F4 /* Supporting Files */ = {
			isa = PBXGroup;
			children = (
				77349D021980CA6200B9C1F4 /* cardGameAppDelegate.h */,
				77349D031980CA6200B9C1F4 /* cardGameAppDelegate.m */,
				77349CFB1980CA6200B9C1F4 /* Matchismo_stage2-Info.plist */,
				77349CFC1980CA6200B9C1F4 /* InfoPlist.strings */,
				77349CFF1980CA6200B9C1F4 /* main.m */,
				77349D011980CA6200B9C1F4 /* Matchismo_stage2-Prefix.pch */,
			);
			name = "Supporting Files";
			sourceTree = "<group>";
		};
		77349D181980CA6200B9C1F4 /* Matchismo_stage2Tests */ = {
			isa = PBXGroup;
			children = (
				77349D1E1980CA6200B9C1F4 /* Matchismo_stage2Tests.m */,
				77349D191980CA6200B9C1F4 /* Supporting Files */,
			);
			path = Matchismo_stage2Tests;
			sourceTree = "<group>";
		};
		77349D191980CA6200B9C1F4 /* Supporting Files */ = {
			isa = PBXGroup;
			children = (
				77349D1A1980CA6200B9C1F4 /* Matchismo_stage2Tests-Info.plist */,
				77349D1B1980CA6200B9C1F4 /* InfoPlist.strings */,
			);
			name = "Supporting Files";
			sourceTree = "<group>";
		};
		77349D281980CACA00B9C1F4 /* View */ = {
			isa = PBXGroup;
			children = (
				7734178D1985EF6000B9C1F4 /* Grid */,
				77349D501980D4FD00B9C1F4 /* SetCardView */,
				77349D4F1980D4F300B9C1F4 /* PlayingCardView */,
				77349D541983140100B9C1F4 /* CardView.h */,
				77349D551983140100B9C1F4 /* CardView.m */,
			);
			name = View;
			sourceTree = "<group>";
		};
		77349D291980CAD100B9C1F4 /* Model */ = {
			isa = PBXGroup;
			children = (
				77349D361980CE0000B9C1F4 /* SetGame */,
				77349D351980CDF200B9C1F4 /* PlayingCardGame */,
				77349D341980CDE400B9C1F4 /* GeneralCardAndDeck */,
				77349D311980CCB500B9C1F4 /* CardMatchingGame.h */,
				77349D321980CCB500B9C1F4 /* CardMatchingGame.m */,
			);
			name = Model;
			sourceTree = "<group>";
		};
		77349D2A1980CAD600B9C1F4 /* ViewController */ = {
			isa = PBXGroup;
			children = (
				77349D4C1980D32000B9C1F4 /* CardGameViewController.h */,
				77349D4D1980D32000B9C1F4 /* CardGameViewController.m */,
				77349D2B1980CB1D00B9C1F4 /* PlayingCardGameVC.h */,
				77349D2C1980CB1D00B9C1F4 /* PlayingCardGameVC.m */,
				77349D2E1980CBBF00B9C1F4 /* SetGameVC.h */,
				77349D2F1980CBBF00B9C1F4 /* SetGameVC.m */,
			);
			name = ViewController;
			sourceTree = "<group>";
		};
		77349D341980CDE400B9C1F4 /* GeneralCardAndDeck */ = {
			isa = PBXGroup;
			children = (
				77349D371980CE1900B9C1F4 /* Card.h */,
				77349D381980CE1900B9C1F4 /* Card.m */,
				77349D3A1980CE2400B9C1F4 /* Deck.h */,
				77349D3B1980CE2400B9C1F4 /* Deck.m */,
			);
			name = GeneralCardAndDeck;
			sourceTree = "<group>";
		};
		77349D351980CDF200B9C1F4 /* PlayingCardGame */ = {
			isa = PBXGroup;
			children = (
				77349D491980D2E500B9C1F4 /* PlayingCardDeck.h */,
				77349D4A1980D2E500B9C1F4 /* PlayingCardDeck.m */,
				77349D3D1980CE4200B9C1F4 /* PlayingCard.h */,
				77349D3E1980CE4200B9C1F4 /* PlayingCard.m */,
			);
			name = PlayingCardGame;
			sourceTree = "<group>";
		};
		77349D361980CE0000B9C1F4 /* SetGame */ = {
			isa = PBXGroup;
			children = (
				77349D431980CE6400B9C1F4 /* SetCard.h */,
				77349D441980CE6400B9C1F4 /* SetCard.m */,
				77349D461980CE7400B9C1F4 /* SetDeck.h */,
				77349D471980CE7400B9C1F4 /* SetDeck.m */,
			);
			name = SetGame;
			sourceTree = "<group>";
		};
		77349D4F1980D4F300B9C1F4 /* PlayingCardView */ = {
			isa = PBXGroup;
			children = (
				77349D511980D51C00B9C1F4 /* PlayingCardView.h */,
				77349D521980D51C00B9C1F4 /* PlayingCardView.m */,
			);
			name = PlayingCardView;
			sourceTree = "<group>";
		};
		77349D501980D4FD00B9C1F4 /* SetCardView */ = {
			isa = PBXGroup;
			children = (
			);
			name = SetCardView;
			sourceTree = "<group>";
		};
/* End PBXGroup section */

/* Begin PBXNativeTarget section */
		77349CEF1980CA6200B9C1F4 /* Matchismo_stage2 */ = {
			isa = PBXNativeTarget;
			buildConfigurationList = 77349D221980CA6200B9C1F4 /* Build configuration list for PBXNativeTarget "Matchismo_stage2" */;
			buildPhases = (
				77349CEC1980CA6200B9C1F4 /* Sources */,
				77349CED1980CA6200B9C1F4 /* Frameworks */,
				77349CEE1980CA6200B9C1F4 /* Resources */,
			);
			buildRules = (
			);
			dependencies = (
			);
			name = Matchismo_stage2;
			productName = Matchismo_stage2;
			productReference = 77349CF01980CA6200B9C1F4 /* Matchismo_stage2.app */;
			productType = "com.apple.product-type.application";
		};
		77349D101980CA6200B9C1F4 /* Matchismo_stage2Tests */ = {
			isa = PBXNativeTarget;
			buildConfigurationList = 77349D251980CA6200B9C1F4 /* Build configuration list for PBXNativeTarget "Matchismo_stage2Tests" */;
			buildPhases = (
				77349D0D1980CA6200B9C1F4 /* Sources */,
				77349D0E1980CA6200B9C1F4 /* Frameworks */,
				77349D0F1980CA6200B9C1F4 /* Resources */,
			);
			buildRules = (
			);
			dependencies = (
				77349D171980CA6200B9C1F4 /* PBXTargetDependency */,
			);
			name = Matchismo_stage2Tests;
			productName = Matchismo_stage2Tests;
			productReference = 77349D111980CA6200B9C1F4 /* Matchismo_stage2Tests.xctest */;
			productType = "com.apple.product-type.bundle.unit-test";
		};
/* End PBXNativeTarget section */

/* Begin PBXProject section */
		77349CE81980CA6200B9C1F4 /* Project object */ = {
			isa = PBXProject;
			attributes = {
				CLASSPREFIX = cardGame;
				LastUpgradeCheck = 0510;
				ORGANIZATIONNAME = Olga;
				TargetAttributes = {
					77349D101980CA6200B9C1F4 = {
						TestTargetID = 77349CEF1980CA6200B9C1F4;
					};
				};
			};
			buildConfigurationList = 77349CEB1980CA6200B9C1F4 /* Build configuration list for PBXProject "Matchismo_stage2" */;
			compatibilityVersion = "Xcode 3.2";
			developmentRegion = English;
			hasScannedForEncodings = 0;
			knownRegions = (
				en,
				Base,
			);
			mainGroup = 77349CE71980CA6200B9C1F4;
			productRefGroup = 77349CF11980CA6200B9C1F4 /* Products */;
			projectDirPath = "";
			projectRoot = "";
			targets = (
				77349CEF1980CA6200B9C1F4 /* Matchismo_stage2 */,
				77349D101980CA6200B9C1F4 /* Matchismo_stage2Tests */,
			);
		};
/* End PBXProject section */

/* Begin PBXResourcesBuildPhase section */
		77349CEE1980CA6200B9C1F4 /* Resources */ = {
			isa = PBXResourcesBuildPhase;
			buildActionMask = 2147483647;
			files = (
				77349D0C1980CA6200B9C1F4 /* Images.xcassets in Resources */,
				77349CFE1980CA6200B9C1F4 /* InfoPlist.strings in Resources */,
				77349D071980CA6200B9C1F4 /* Main.storyboard in Resources */,
			);
			runOnlyForDeploymentPostprocessing = 0;
		};
		77349D0F1980CA6200B9C1F4 /* Resources */ = {
			isa = PBXResourcesBuildPhase;
			buildActionMask = 2147483647;
			files = (
				77349D1D1980CA6200B9C1F4 /* InfoPlist.strings in Resources */,
			);
			runOnlyForDeploymentPostprocessing = 0;
		};
/* End PBXResourcesBuildPhase section */

/* Begin PBXSourcesBuildPhase section */
		77349CEC1980CA6200B9C1F4 /* Sources */ = {
			isa = PBXSourcesBuildPhase;
			buildActionMask = 2147483647;
			files = (
				77349D3C1980CE2400B9C1F4 /* Deck.m in Sources */,
				77349D4B1980D2E500B9C1F4 /* PlayingCardDeck.m in Sources */,
				77349D331980CCB500B9C1F4 /* CardMatchingGame.m in Sources */,
				77349D3F1980CE4200B9C1F4 /* PlayingCard.m in Sources */,
				77349D531980D51C00B9C1F4 /* PlayingCardView.m in Sources */,
				77349D041980CA6200B9C1F4 /* cardGameAppDelegate.m in Sources */,
				77349D561983140100B9C1F4 /* CardView.m in Sources */,
				77349D451980CE6400B9C1F4 /* SetCard.m in Sources */,
				77349D301980CBBF00B9C1F4 /* SetGameVC.m in Sources */,
				77349D001980CA6200B9C1F4 /* main.m in Sources */,
				773417901985EF6000B9C1F4 /* Grid.m in Sources */,
				77349D391980CE1900B9C1F4 /* Card.m in Sources */,
				77349D2D1980CB1D00B9C1F4 /* PlayingCardGameVC.m in Sources */,
				77349D4E1980D32000B9C1F4 /* CardGameViewController.m in Sources */,
				77349D481980CE7400B9C1F4 /* SetDeck.m in Sources */,
			);
			runOnlyForDeploymentPostprocessing = 0;
		};
		77349D0D1980CA6200B9C1F4 /* Sources */ = {
			isa = PBXSourcesBuildPhase;
			buildActionMask = 2147483647;
			files = (
				77349D1F1980CA6200B9C1F4 /* Matchismo_stage2Tests.m in Sources */,
			);
			runOnlyForDeploymentPostprocessing = 0;
		};
/* End PBXSourcesBuildPhase section */

/* Begin PBXTargetDependency section */
		77349D171980CA6200B9C1F4 /* PBXTargetDependency */ = {
			isa = PBXTargetDependency;
			target = 77349CEF1980CA6200B9C1F4 /* Matchismo_stage2 */;
			targetProxy = 77349D161980CA6200B9C1F4 /* PBXContainerItemProxy */;
		};
/* End PBXTargetDependency section */

/* Begin PBXVariantGroup section */
		77349CFC1980CA6200B9C1F4 /* InfoPlist.strings */ = {
			isa = PBXVariantGroup;
			children = (
				77349CFD1980CA6200B9C1F4 /* en */,
			);
			name = InfoPlist.strings;
			sourceTree = "<group>";
		};
		77349D051980CA6200B9C1F4 /* Main.storyboard */ = {
			isa = PBXVariantGroup;
			children = (
				77349D061980CA6200B9C1F4 /* Base */,
			);
			name = Main.storyboard;
			sourceTree = "<group>";
		};
		77349D1B1980CA6200B9C1F4 /* InfoPlist.strings */ = {
			isa = PBXVariantGroup;
			children = (
				77349D1C1980CA6200B9C1F4 /* en */,
			);
			name = InfoPlist.strings;
			sourceTree = "<group>";
		};
/* End PBXVariantGroup section */

/* Begin XCBuildConfiguration section */
		77349D201980CA6200B9C1F4 /* Debug */ = {
			isa = XCBuildConfiguration;
			buildSettings = {
				ALWAYS_SEARCH_USER_PATHS = NO;
				CLANG_CXX_LANGUAGE_STANDARD = "gnu++0x";
				CLANG_CXX_LIBRARY = "libc++";
				CLANG_ENABLE_MODULES = YES;
				CLANG_ENABLE_OBJC_ARC = YES;
				CLANG_WARN_BOOL_CONVERSION = YES;
				CLANG_WARN_CONSTANT_CONVERSION = YES;
				CLANG_WARN_DIRECT_OBJC_ISA_USAGE = YES_ERROR;
				CLANG_WARN_EMPTY_BODY = YES;
				CLANG_WARN_ENUM_CONVERSION = YES;
				CLANG_WARN_INT_CONVERSION = YES;
				CLANG_WARN_OBJC_ROOT_CLASS = YES_ERROR;
				CLANG_WARN__DUPLICATE_METHOD_MATCH = YES;
				"CODE_SIGN_IDENTITY[sdk=iphoneos*]" = "iPhone Developer";
				COPY_PHASE_STRIP = NO;
				GCC_C_LANGUAGE_STANDARD = gnu99;
				GCC_DYNAMIC_NO_PIC = NO;
				GCC_OPTIMIZATION_LEVEL = 0;
				GCC_PREPROCESSOR_DEFINITIONS = (
					"DEBUG=1",
					"$(inherited)",
				);
				GCC_SYMBOLS_PRIVATE_EXTERN = NO;
				GCC_WARN_64_TO_32_BIT_CONVERSION = YES;
				GCC_WARN_ABOUT_RETURN_TYPE = YES_ERROR;
				GCC_WARN_UNDECLARED_SELECTOR = YES;
				GCC_WARN_UNINITIALIZED_AUTOS = YES_AGGRESSIVE;
				GCC_WARN_UNUSED_FUNCTION = YES;
				GCC_WARN_UNUSED_VARIABLE = YES;
				IPHONEOS_DEPLOYMENT_TARGET = 7.1;
				ONLY_ACTIVE_ARCH = YES;
				SDKROOT = iphoneos;
			};
			name = Debug;
		};
		77349D211980CA6200B9C1F4 /* Release */ = {
			isa = XCBuildConfiguration;
			buildSettings = {
				ALWAYS_SEARCH_USER_PATHS = NO;
				CLANG_CXX_LANGUAGE_STANDARD = "gnu++0x";
				CLANG_CXX_LIBRARY = "libc++";
				CLANG_ENABLE_MODULES = YES;
				CLANG_ENABLE_OBJC_ARC = YES;
				CLANG_WARN_BOOL_CONVERSION = YES;
				CLANG_WARN_CONSTANT_CONVERSION = YES;
				CLANG_WARN_DIRECT_OBJC_ISA_USAGE = YES_ERROR;
				CLANG_WARN_EMPTY_BODY = YES;
				CLANG_WARN_ENUM_CONVERSION = YES;
				CLANG_WARN_INT_CONVERSION = YES;
				CLANG_WARN_OBJC_ROOT_CLASS = YES_ERROR;
				CLANG_WARN__DUPLICATE_METHOD_MATCH = YES;
				"CODE_SIGN_IDENTITY[sdk=iphoneos*]" = "iPhone Developer";
				COPY_PHASE_STRIP = YES;
				ENABLE_NS_ASSERTIONS = NO;
				GCC_C_LANGUAGE_STANDARD = gnu99;
				GCC_WARN_64_TO_32_BIT_CONVERSION = YES;
				GCC_WARN_ABOUT_RETURN_TYPE = YES_ERROR;
				GCC_WARN_UNDECLARED_SELECTOR = YES;
				GCC_WARN_UNINITIALIZED_AUTOS = YES_AGGRESSIVE;
				GCC_WARN_UNUSED_FUNCTION = YES;
				GCC_WARN_UNUSED_VARIABLE = YES;
				IPHONEOS_DEPLOYMENT_TARGET = 7.1;
				SDKROOT = iphoneos;
				VALIDATE_PRODUCT = YES;
			};
			name = Release;
		};
		77349D231980CA6200B9C1F4 /* Debug */ = {
			isa = XCBuildConfiguration;
			buildSettings = {
				ASSETCATALOG_COMPILER_APPICON_NAME = AppIcon;
				ASSETCATALOG_COMPILER_LAUNCHIMAGE_NAME = LaunchImage;
				GCC_PRECOMPILE_PREFIX_HEADER = YES;
				GCC_PREFIX_HEADER = "Matchismo_stage2/Matchismo_stage2-Prefix.pch";
				INFOPLIST_FILE = "Matchismo_stage2/Matchismo_stage2-Info.plist";
				LIBRARY_SEARCH_PATHS = (
					"$(inherited)",
					"/Users/olga/Desktop/MOOC/2014.01_Android/adt-bundle-mac-x86_64-20131030/sdk/build-tools/android-4.4",
					"/Users/olga/Desktop/MOOC/2014.01_Android/adt-bundle-mac-x86_64-20131030/sdk/build-tools/android-4.4/renderscript/lib/intermediates/armeabi-v7a",
					"/Users/olga/Desktop/MOOC/2014.01_Android/adt-bundle-mac-x86_64-20131030/sdk/build-tools/android-4.4/renderscript/lib/intermediates/mips",
					"/Users/olga/Desktop/MOOC/2014.01_Android/adt-bundle-mac-x86_64-20131030/sdk/build-tools/android-4.4/renderscript/lib/intermediates/x86",
					"/Users/olga/Desktop/MOOC/2014.01_Android/adt-bundle-mac-x86_64-20131030/sdk/tools/Jet/JetCreator",
					"/Users/olga/Desktop/MOOC/2014.01_Android/adt-bundle-mac-x86_64-20131030/sdk/tools/lib",
				);
				PRODUCT_NAME = "$(TARGET_NAME)";
				WRAPPER_EXTENSION = app;
			};
			name = Debug;
		};
		77349D241980CA6200B9C1F4 /* Release */ = {
			isa = XCBuildConfiguration;
			buildSettings = {
				ASSETCATALOG_COMPILER_APPICON_NAME = AppIcon;
				ASSETCATALOG_COMPILER_LAUNCHIMAGE_NAME = LaunchImage;
				GCC_PRECOMPILE_PREFIX_HEADER = YES;
				GCC_PREFIX_HEADER = "Matchismo_stage2/Matchismo_stage2-Prefix.pch";
				INFOPLIST_FILE = "Matchismo_stage2/Matchismo_stage2-Info.plist";
				LIBRARY_SEARCH_PATHS = (
					"$(inherited)",
					"/Users/olga/Desktop/MOOC/2014.01_Android/adt-bundle-mac-x86_64-20131030/sdk/build-tools/android-4.4",
					"/Users/olga/Desktop/MOOC/2014.01_Android/adt-bundle-mac-x86_64-20131030/sdk/build-tools/android-4.4/renderscript/lib/intermediates/armeabi-v7a",
					"/Users/olga/Desktop/MOOC/2014.01_Android/adt-bundle-mac-x86_64-20131030/sdk/build-tools/android-4.4/renderscript/lib/intermediates/mips",
					"/Users/olga/Desktop/MOOC/2014.01_Android/adt-bundle-mac-x86_64-20131030/sdk/build-tools/android-4.4/renderscript/lib/intermediates/x86",
					"/Users/olga/Desktop/MOOC/2014.01_Android/adt-bundle-mac-x86_64-20131030/sdk/tools/Jet/JetCreator",
					"/Users/olga/Desktop/MOOC/2014.01_Android/adt-bundle-mac-x86_64-20131030/sdk/tools/lib",
				);
				PRODUCT_NAME = "$(TARGET_NAME)";
				WRAPPER_EXTENSION = app;
			};
			name = Release;
		};
		77349D261980CA6200B9C1F4 /* Debug */ = {
			isa = XCBuildConfiguration;
			buildSettings = {
				BUNDLE_LOADER = "$(BUILT_PRODUCTS_DIR)/Matchismo_stage2.app/Matchismo_stage2";
				FRAMEWORK_SEARCH_PATHS = (
					"$(SDKROOT)/Developer/Library/Frameworks",
					"$(inherited)",
					"$(DEVELOPER_FRAMEWORKS_DIR)",
				);
				GCC_PRECOMPILE_PREFIX_HEADER = YES;
				GCC_PREFIX_HEADER = "Matchismo_stage2/Matchismo_stage2-Prefix.pch";
				GCC_PREPROCESSOR_DEFINITIONS = (
					"DEBUG=1",
					"$(inherited)",
				);
				INFOPLIST_FILE = "Matchismo_stage2Tests/Matchismo_stage2Tests-Info.plist";
				PRODUCT_NAME = "$(TARGET_NAME)";
				TEST_HOST = "$(BUNDLE_LOADER)";
				WRAPPER_EXTENSION = xctest;
			};
			name = Debug;
		};
		77349D271980CA6200B9C1F4 /* Release */ = {
			isa = XCBuildConfiguration;
			buildSettings = {
				BUNDLE_LOADER = "$(BUILT_PRODUCTS_DIR)/Matchismo_stage2.app/Matchismo_stage2";
				FRAMEWORK_SEARCH_PATHS = (
					"$(SDKROOT)/Developer/Library/Frameworks",
					"$(inherited)",
					"$(DEVELOPER_FRAMEWORKS_DIR)",
				);
				GCC_PRECOMPILE_PREFIX_HEADER = YES;
				GCC_PREFIX_HEADER = "Matchismo_stage2/Matchismo_stage2-Prefix.pch";
				INFOPLIST_FILE = "Matchismo_stage2Tests/Matchismo_stage2Tests-Info.plist";
				PRODUCT_NAME = "$(TARGET_NAME)";
				TEST_HOST = "$(BUNDLE_LOADER)";
				WRAPPER_EXTENSION = xctest;
			};
			name = Release;
		};
/* End XCBuildConfiguration section */

/* Begin XCConfigurationList section */
		77349CEB1980CA6200B9C1F4 /* Build configuration list for PBXProject "Matchismo_stage2" */ = {
			isa = XCConfigurationList;
			buildConfigurations = (
				77349D201980CA6200B9C1F4 /* Debug */,
				77349D211980CA6200B9C1F4 /* Release */,
			);
			defaultConfigurationIsVisible = 0;
			defaultConfigurationName = Release;
		};
		77349D221980CA6200B9C1F4 /* Build configuration list for PBXNativeTarget "Matchismo_stage2" */ = {
			isa = XCConfigurationList;
			buildConfigurations = (
				77349D231980CA6200B9C1F4 /* Debug */,
				77349D241980CA6200B9C1F4 /* Release */,
			);
			defaultConfigurationIsVisible = 0;
			defaultConfigurationName = Release;
		};
		77349D251980CA6200B9C1F4 /* Build configuration list for PBXNativeTarget "Matchismo_stage2Tests" */ = {
			isa = XCConfigurationList;
			buildConfigurations = (
				77349D261980CA6200B9C1F4 /* Debug */,
				77349D271980CA6200B9C1F4 /* Release */,
			);
			defaultConfigurationIsVisible = 0;
			defaultConfigurationName = Release;
		};
/* End XCConfigurationList section */
	};
	rootObject = 77349CE81980CA6200B9C1F4 /* Project object */;
}
